
Microsoft Visual Studio Solution File, Format Version 12.00
# Visual Studio Version 17
VisualStudioVersion = 17.8.34330.188
MinimumVisualStudioVersion = 10.0.40219.1
Project("{FAE04EC0-301F-11D3-BF4B-00C04F79EFBC}") = "Cezario sifras", "Cezario sifras.csproj", "{7A595ED8-0CE8-4465-9FD8-25F52E0F4E4E}"
EndProject
Global
	GlobalSection(SolutionConfigurationPlatforms) = preSolution
		Debug|Any CPU = Debug|Any CPU
		Release|Any CPU = Release|Any CPU
	EndGlobalSection
	GlobalSection(ProjectConfigurationPlatforms) = postSolution
		{7A595ED8-0CE8-4465-9FD8-25F52E0F4E4E}.Debug|Any CPU.ActiveCfg = Debug|Any CPU
		{7A595ED8-0CE8-4465-9FD8-25F52E0F4E4E}.Debug|Any CPU.Build.0 = Debug|Any CPU
		{7A595ED8-0CE8-4465-9FD8-25F52E0F4E4E}.Release|Any CPU.ActiveCfg = Release|Any CPU
		{7A595ED8-0CE8-4465-9FD8-25F52E0F4E4E}.Release|Any CPU.Build.0 = Release|Any CPU
	EndGlobalSection
	GlobalSection(SolutionProperties) = preSolution
		HideSolutionNode = FALSE
	EndGlobalSection
	GlobalSection(ExtensibilityGlobals) = postSolution
		SolutionGuid = {A318F363-E418-4AFC-A080-87012F40FC17}
	EndGlobalSection
EndGlobal
